
Microsoft Visual Studio Solution File, Format Version 12.00
# Visual Studio Version 16
VisualStudioVersion = 16.0.809.5
MinimumVisualStudioVersion = 10.0.40219.1
Project("{FAE04EC0-301F-11D3-BF4B-00C04F79EFBC}") = "JsonSerialization", "JsonSerialization\JsonSerialization.csproj", "{21B62C38-C205-4B65-9A45-FFF81B72FFAB}"
EndProject
Global
	GlobalSection(SolutionConfigurationPlatforms) = preSolution
		Debug|Any CPU = Debug|Any CPU
		Release|Any CPU = Release|Any CPU
	EndGlobalSection
	GlobalSection(ProjectConfigurationPlatforms) = postSolution
		{21B62C38-C205-4B65-9A45-FFF81B72FFAB}.Debug|Any CPU.ActiveCfg = Debug|Any CPU
		{21B62C38-C205-4B65-9A45-FFF81B72FFAB}.Debug|Any CPU.Build.0 = Debug|Any CPU
		{21B62C38-C205-4B65-9A45-FFF81B72FFAB}.Release|Any CPU.ActiveCfg = Release|Any CPU
		{21B62C38-C205-4B65-9A45-FFF81B72FFAB}.Release|Any CPU.Build.0 = Release|Any CPU
	EndGlobalSection
	GlobalSection(SolutionProperties) = preSolution
		HideSolutionNode = FALSE
	EndGlobalSection
	GlobalSection(ExtensibilityGlobals) = postSolution
		SolutionGuid = {A4143378-1783-4CFF-85C7-DE16AFE7EA19}
	EndGlobalSection
EndGlobal
