
Microsoft Visual Studio Solution File, Format Version 12.00
# Visual Studio 15
Project("{FAE04EC0-301F-11D3-BF4B-00C04F79EFBC}") = "task10var1", "s1dz1var1\task10var1.csproj", "{B16C77A4-DF28-49A9-8323-3974CB878DE6}"
EndProject
Project("{FAE04EC0-301F-11D3-BF4B-00C04F79EFBC}") = "task10var2", "s1dz1var2\task10var2.csproj", "{E39F8CA5-02CA-483E-BBFC-81E3082EAFF4}"
EndProject
Project("{FAE04EC0-301F-11D3-BF4B-00C04F79EFBC}") = "task11", "s1dz2\task11.csproj", "{513C1515-EBC3-4D16-8373-CAA66B019A5D}"
EndProject
Project("{FAE04EC0-301F-11D3-BF4B-00C04F79EFBC}") = "task20_auf", "s1dz3\task20_auf.csproj", "{50615338-96F8-4AB8-BD3E-696003247401}"
EndProject
Project("{FAE04EC0-301F-11D3-BF4B-00C04F79EFBC}") = "task30_ACIIDecoder", "task30\task30_ACIIDecoder.csproj", "{2EF0F886-FB2F-49A5-9017-C0E470BC591D}"
EndProject
Project("{FAE04EC0-301F-11D3-BF4B-00C04F79EFBC}") = "task40", "task40\task40.csproj", "{885E4C6D-056A-4EE7-B8CA-940E2B67E3AC}"
EndProject
Project("{FAE04EC0-301F-11D3-BF4B-00C04F79EFBC}") = "task50", "task50\task50.csproj", "{D34380D6-F6B8-419D-BE02-2A61745EA493}"
EndProject
Global
	GlobalSection(SolutionConfigurationPlatforms) = preSolution
		Debug|x86 = Debug|x86
		Release|x86 = Release|x86
	EndGlobalSection
	GlobalSection(ProjectConfigurationPlatforms) = postSolution
		{B16C77A4-DF28-49A9-8323-3974CB878DE6}.Debug|x86.ActiveCfg = Debug|x86
		{B16C77A4-DF28-49A9-8323-3974CB878DE6}.Debug|x86.Build.0 = Debug|x86
		{B16C77A4-DF28-49A9-8323-3974CB878DE6}.Release|x86.ActiveCfg = Release|x86
		{B16C77A4-DF28-49A9-8323-3974CB878DE6}.Release|x86.Build.0 = Release|x86
		{E39F8CA5-02CA-483E-BBFC-81E3082EAFF4}.Debug|x86.ActiveCfg = Debug|x86
		{E39F8CA5-02CA-483E-BBFC-81E3082EAFF4}.Debug|x86.Build.0 = Debug|x86
		{E39F8CA5-02CA-483E-BBFC-81E3082EAFF4}.Release|x86.ActiveCfg = Release|x86
		{E39F8CA5-02CA-483E-BBFC-81E3082EAFF4}.Release|x86.Build.0 = Release|x86
		{513C1515-EBC3-4D16-8373-CAA66B019A5D}.Debug|x86.ActiveCfg = Debug|x86
		{513C1515-EBC3-4D16-8373-CAA66B019A5D}.Debug|x86.Build.0 = Debug|x86
		{513C1515-EBC3-4D16-8373-CAA66B019A5D}.Release|x86.ActiveCfg = Release|x86
		{513C1515-EBC3-4D16-8373-CAA66B019A5D}.Release|x86.Build.0 = Release|x86
		{50615338-96F8-4AB8-BD3E-696003247401}.Debug|x86.ActiveCfg = Debug|x86
		{50615338-96F8-4AB8-BD3E-696003247401}.Debug|x86.Build.0 = Debug|x86
		{50615338-96F8-4AB8-BD3E-696003247401}.Release|x86.ActiveCfg = Release|x86
		{50615338-96F8-4AB8-BD3E-696003247401}.Release|x86.Build.0 = Release|x86
		{2EF0F886-FB2F-49A5-9017-C0E470BC591D}.Debug|x86.ActiveCfg = Debug|x86
		{2EF0F886-FB2F-49A5-9017-C0E470BC591D}.Debug|x86.Build.0 = Debug|x86
		{2EF0F886-FB2F-49A5-9017-C0E470BC591D}.Release|x86.ActiveCfg = Release|x86
		{2EF0F886-FB2F-49A5-9017-C0E470BC591D}.Release|x86.Build.0 = Release|x86
		{885E4C6D-056A-4EE7-B8CA-940E2B67E3AC}.Debug|x86.ActiveCfg = Debug|x86
		{885E4C6D-056A-4EE7-B8CA-940E2B67E3AC}.Debug|x86.Build.0 = Debug|x86
		{885E4C6D-056A-4EE7-B8CA-940E2B67E3AC}.Release|x86.ActiveCfg = Release|x86
		{885E4C6D-056A-4EE7-B8CA-940E2B67E3AC}.Release|x86.Build.0 = Release|x86
		{D34380D6-F6B8-419D-BE02-2A61745EA493}.Debug|x86.ActiveCfg = Debug|x86
		{D34380D6-F6B8-419D-BE02-2A61745EA493}.Debug|x86.Build.0 = Debug|x86
		{D34380D6-F6B8-419D-BE02-2A61745EA493}.Release|x86.ActiveCfg = Release|x86
		{D34380D6-F6B8-419D-BE02-2A61745EA493}.Release|x86.Build.0 = Release|x86
	EndGlobalSection
EndGlobal
