
Microsoft Visual Studio Solution File, Format Version 12.00
# Visual Studio 15
Project("{FAE04EC0-301F-11D3-BF4B-00C04F79EFBC}") = "sem_03_9", "HW_6\sem_03_9.csproj", "{2EB65285-EB19-419E-922D-556DDA7C56D0}"
EndProject
Project("{FAE04EC0-301F-11D3-BF4B-00C04F79EFBC}") = "sem_03_11", "sem_03_11\sem_03_11.csproj", "{7042AB3A-65BA-4A9B-949A-DBD5AB97AC50}"
EndProject
Project("{FAE04EC0-301F-11D3-BF4B-00C04F79EFBC}") = "sem_03_13", "sem_03_13\sem_03_13.csproj", "{42A75969-2DBC-4AD5-85ED-5FC3249539D3}"
EndProject
Project("{FAE04EC0-301F-11D3-BF4B-00C04F79EFBC}") = "sem_03_16", "sem_03_16\sem_03_16.csproj", "{3A02667A-6607-4508-8977-BD909A2B311D}"
EndProject
Project("{FAE04EC0-301F-11D3-BF4B-00C04F79EFBC}") = "sem_03_20", "sem_03_20\sem_03_20.csproj", "{EF42CB2F-1C24-4C21-A37C-907D00E90980}"
EndProject
Project("{FAE04EC0-301F-11D3-BF4B-00C04F79EFBC}") = "sem_04_1", "sem_04_1\sem_04_1.csproj", "{CCF53D7E-92D9-431B-982E-A2F5019B60A5}"
EndProject
Project("{FAE04EC0-301F-11D3-BF4B-00C04F79EFBC}") = "sem_04_2", "sem_04_2\sem_04_2.csproj", "{8FFF077B-DB49-4595-B2B7-40B9228FFA84}"
EndProject
Project("{FAE04EC0-301F-11D3-BF4B-00C04F79EFBC}") = "sem_04_03", "sem_04_03\sem_04_03.csproj", "{9244588C-C04A-46D9-A368-04FDD272F186}"
EndProject
Project("{FAE04EC0-301F-11D3-BF4B-00C04F79EFBC}") = "sem_04_4", "sem_04_4\sem_04_4.csproj", "{8FB7C90F-8394-4AB4-9EE7-EBF257797603}"
EndProject
Project("{FAE04EC0-301F-11D3-BF4B-00C04F79EFBC}") = "sem_04_6", "sem_04_6\sem_04_6.csproj", "{14462450-099E-4A5C-978B-9576E939BB8D}"
EndProject
Global
	GlobalSection(SolutionConfigurationPlatforms) = preSolution
		Debug|x86 = Debug|x86
		Release|x86 = Release|x86
	EndGlobalSection
	GlobalSection(ProjectConfigurationPlatforms) = postSolution
		{2EB65285-EB19-419E-922D-556DDA7C56D0}.Debug|x86.ActiveCfg = Debug|x86
		{2EB65285-EB19-419E-922D-556DDA7C56D0}.Debug|x86.Build.0 = Debug|x86
		{2EB65285-EB19-419E-922D-556DDA7C56D0}.Release|x86.ActiveCfg = Release|x86
		{2EB65285-EB19-419E-922D-556DDA7C56D0}.Release|x86.Build.0 = Release|x86
		{7042AB3A-65BA-4A9B-949A-DBD5AB97AC50}.Debug|x86.ActiveCfg = Debug|x86
		{7042AB3A-65BA-4A9B-949A-DBD5AB97AC50}.Debug|x86.Build.0 = Debug|x86
		{7042AB3A-65BA-4A9B-949A-DBD5AB97AC50}.Release|x86.ActiveCfg = Release|x86
		{7042AB3A-65BA-4A9B-949A-DBD5AB97AC50}.Release|x86.Build.0 = Release|x86
		{42A75969-2DBC-4AD5-85ED-5FC3249539D3}.Debug|x86.ActiveCfg = Debug|x86
		{42A75969-2DBC-4AD5-85ED-5FC3249539D3}.Debug|x86.Build.0 = Debug|x86
		{42A75969-2DBC-4AD5-85ED-5FC3249539D3}.Release|x86.ActiveCfg = Release|x86
		{42A75969-2DBC-4AD5-85ED-5FC3249539D3}.Release|x86.Build.0 = Release|x86
		{3A02667A-6607-4508-8977-BD909A2B311D}.Debug|x86.ActiveCfg = Debug|x86
		{3A02667A-6607-4508-8977-BD909A2B311D}.Debug|x86.Build.0 = Debug|x86
		{3A02667A-6607-4508-8977-BD909A2B311D}.Release|x86.ActiveCfg = Release|x86
		{3A02667A-6607-4508-8977-BD909A2B311D}.Release|x86.Build.0 = Release|x86
		{EF42CB2F-1C24-4C21-A37C-907D00E90980}.Debug|x86.ActiveCfg = Debug|x86
		{EF42CB2F-1C24-4C21-A37C-907D00E90980}.Debug|x86.Build.0 = Debug|x86
		{EF42CB2F-1C24-4C21-A37C-907D00E90980}.Release|x86.ActiveCfg = Release|x86
		{EF42CB2F-1C24-4C21-A37C-907D00E90980}.Release|x86.Build.0 = Release|x86
		{CCF53D7E-92D9-431B-982E-A2F5019B60A5}.Debug|x86.ActiveCfg = Debug|x86
		{CCF53D7E-92D9-431B-982E-A2F5019B60A5}.Debug|x86.Build.0 = Debug|x86
		{CCF53D7E-92D9-431B-982E-A2F5019B60A5}.Release|x86.ActiveCfg = Release|x86
		{CCF53D7E-92D9-431B-982E-A2F5019B60A5}.Release|x86.Build.0 = Release|x86
		{8FFF077B-DB49-4595-B2B7-40B9228FFA84}.Debug|x86.ActiveCfg = Debug|x86
		{8FFF077B-DB49-4595-B2B7-40B9228FFA84}.Debug|x86.Build.0 = Debug|x86
		{8FFF077B-DB49-4595-B2B7-40B9228FFA84}.Release|x86.ActiveCfg = Release|x86
		{8FFF077B-DB49-4595-B2B7-40B9228FFA84}.Release|x86.Build.0 = Release|x86
		{9244588C-C04A-46D9-A368-04FDD272F186}.Debug|x86.ActiveCfg = Debug|x86
		{9244588C-C04A-46D9-A368-04FDD272F186}.Debug|x86.Build.0 = Debug|x86
		{9244588C-C04A-46D9-A368-04FDD272F186}.Release|x86.ActiveCfg = Release|x86
		{9244588C-C04A-46D9-A368-04FDD272F186}.Release|x86.Build.0 = Release|x86
		{8FB7C90F-8394-4AB4-9EE7-EBF257797603}.Debug|x86.ActiveCfg = Debug|x86
		{8FB7C90F-8394-4AB4-9EE7-EBF257797603}.Debug|x86.Build.0 = Debug|x86
		{8FB7C90F-8394-4AB4-9EE7-EBF257797603}.Release|x86.ActiveCfg = Release|x86
		{8FB7C90F-8394-4AB4-9EE7-EBF257797603}.Release|x86.Build.0 = Release|x86
		{14462450-099E-4A5C-978B-9576E939BB8D}.Debug|x86.ActiveCfg = Debug|x86
		{14462450-099E-4A5C-978B-9576E939BB8D}.Debug|x86.Build.0 = Debug|x86
		{14462450-099E-4A5C-978B-9576E939BB8D}.Release|x86.ActiveCfg = Release|x86
		{14462450-099E-4A5C-978B-9576E939BB8D}.Release|x86.Build.0 = Release|x86
	EndGlobalSection
EndGlobal
