
Microsoft Visual Studio Solution File, Format Version 12.00
# Visual Studio 15
Project("{FAE04EC0-301F-11D3-BF4B-00C04F79EFBC}") = "nasledovanie", "testing_stuff_new\nasledovanie.csproj", "{BCA0C20E-EFA9-4A85-9071-1FF704E97523}"
EndProject
Project("{FAE04EC0-301F-11D3-BF4B-00C04F79EFBC}") = "sort", "sort\sort.csproj", "{4E1260C1-D199-4F48-800F-1084650695E9}"
EndProject
Project("{FAE04EC0-301F-11D3-BF4B-00C04F79EFBC}") = "stringBuilder", "stringBuilder\stringBuilder.csproj", "{66D12121-D82F-4ECD-BEBD-FDC088ED6281}"
EndProject
Project("{FAE04EC0-301F-11D3-BF4B-00C04F79EFBC}") = "delegates", "delegates\delegates.csproj", "{87C6AA0C-E2C5-4D0E-B92B-9DD38D108130}"
EndProject
Project("{FAE04EC0-301F-11D3-BF4B-00C04F79EFBC}") = "nasledovanie_is_as_and_stuff", "nasledovanie_is_as_and_stuff\nasledovanie_is_as_and_stuff.csproj", "{D8F572D2-44F6-4985-85E4-63A249E7F64E}"
EndProject
Project("{FAE04EC0-301F-11D3-BF4B-00C04F79EFBC}") = "GeneralizedDelegate", "GeneralizedDelegate\GeneralizedDelegate.csproj", "{2F330149-C352-4E13-B234-9A155412AEE9}"
EndProject
Project("{FAE04EC0-301F-11D3-BF4B-00C04F79EFBC}") = "Action_Function_Predicate_Converter", "Action_Function_Predicate_Converter\Action_Function_Predicate_Converter.csproj", "{BC77A162-A641-4945-B960-462D70BB297C}"
EndProject
Project("{FAE04EC0-301F-11D3-BF4B-00C04F79EFBC}") = "Enclosure", "Enclosure\Enclosure.csproj", "{13514962-9022-4F4A-AD9E-CE25EA9B8BF0}"
EndProject
Project("{FAE04EC0-301F-11D3-BF4B-00C04F79EFBC}") = "Events", "Events\Events.csproj", "{A79DC33C-244B-4E3F-8E02-F5063ED94BD8}"
EndProject
Project("{FAE04EC0-301F-11D3-BF4B-00C04F79EFBC}") = "IFigure", "IFigure\IFigure.csproj", "{0288A4DC-80E8-44E4-A5A7-7DCC0B8BE1E5}"
EndProject
Project("{FAE04EC0-301F-11D3-BF4B-00C04F79EFBC}") = "ElectronicQueue", "ElectronicQueue\ElectronicQueue.csproj", "{15316C7B-42C9-4C68-AED4-B6E4AD3B65B8}"
EndProject
Project("{FAE04EC0-301F-11D3-BF4B-00C04F79EFBC}") = "FindDigits", "FindDigits\FindDigits.csproj", "{33C09913-A452-46C3-9976-AB31E8A0ED86}"
EndProject
Project("{FAE04EC0-301F-11D3-BF4B-00C04F79EFBC}") = "BinaryReader", "BinaryReader\BinaryReader.csproj", "{969CF986-69ED-4CF4-9677-2A164EC2BD28}"
EndProject
Project("{FAE04EC0-301F-11D3-BF4B-00C04F79EFBC}") = "AllStream", "AllStream\AllStream.csproj", "{F1741724-CFA4-4731-9BB4-4FF4C93B39D8}"
EndProject
Project("{FAE04EC0-301F-11D3-BF4B-00C04F79EFBC}") = "BinaryWriter_Writer_todo", "BinaryWriter_Writer_todo\BinaryWriter_Writer_todo.csproj", "{970FCF37-8BC6-4C01-A706-4D0EBCCC81DF}"
EndProject
Project("{FAE04EC0-301F-11D3-BF4B-00C04F79EFBC}") = "ChangeNumbersInBinaryfile", "ChangeNumbersInBinaryfile\ChangeNumbersInBinaryfile.csproj", "{AC2816E7-8922-4D64-8DFD-34645C271D63}"
EndProject
Project("{FAE04EC0-301F-11D3-BF4B-00C04F79EFBC}") = "ChangeStandartInputStream", "ChangeStandartInputStream\ChangeStandartInputStream.csproj", "{97DDBC14-373A-43A6-A624-B16AE258CE67}"
EndProject
Project("{FAE04EC0-301F-11D3-BF4B-00C04F79EFBC}") = "RectangleKirpitch", "RectangleKirpitch\RectangleKirpitch.csproj", "{BD0DB023-57D0-4B9A-9B45-0ADE63351A03}"
EndProject
Global
	GlobalSection(SolutionConfigurationPlatforms) = preSolution
		Debug|Any CPU = Debug|Any CPU
		Release|Any CPU = Release|Any CPU
	EndGlobalSection
	GlobalSection(ProjectConfigurationPlatforms) = postSolution
		{BCA0C20E-EFA9-4A85-9071-1FF704E97523}.Debug|Any CPU.ActiveCfg = Debug|Any CPU
		{BCA0C20E-EFA9-4A85-9071-1FF704E97523}.Debug|Any CPU.Build.0 = Debug|Any CPU
		{BCA0C20E-EFA9-4A85-9071-1FF704E97523}.Release|Any CPU.ActiveCfg = Release|Any CPU
		{BCA0C20E-EFA9-4A85-9071-1FF704E97523}.Release|Any CPU.Build.0 = Release|Any CPU
		{4E1260C1-D199-4F48-800F-1084650695E9}.Debug|Any CPU.ActiveCfg = Debug|Any CPU
		{4E1260C1-D199-4F48-800F-1084650695E9}.Debug|Any CPU.Build.0 = Debug|Any CPU
		{4E1260C1-D199-4F48-800F-1084650695E9}.Release|Any CPU.ActiveCfg = Release|Any CPU
		{4E1260C1-D199-4F48-800F-1084650695E9}.Release|Any CPU.Build.0 = Release|Any CPU
		{66D12121-D82F-4ECD-BEBD-FDC088ED6281}.Debug|Any CPU.ActiveCfg = Debug|Any CPU
		{66D12121-D82F-4ECD-BEBD-FDC088ED6281}.Debug|Any CPU.Build.0 = Debug|Any CPU
		{66D12121-D82F-4ECD-BEBD-FDC088ED6281}.Release|Any CPU.ActiveCfg = Release|Any CPU
		{66D12121-D82F-4ECD-BEBD-FDC088ED6281}.Release|Any CPU.Build.0 = Release|Any CPU
		{87C6AA0C-E2C5-4D0E-B92B-9DD38D108130}.Debug|Any CPU.ActiveCfg = Debug|Any CPU
		{87C6AA0C-E2C5-4D0E-B92B-9DD38D108130}.Debug|Any CPU.Build.0 = Debug|Any CPU
		{87C6AA0C-E2C5-4D0E-B92B-9DD38D108130}.Release|Any CPU.ActiveCfg = Release|Any CPU
		{87C6AA0C-E2C5-4D0E-B92B-9DD38D108130}.Release|Any CPU.Build.0 = Release|Any CPU
		{D8F572D2-44F6-4985-85E4-63A249E7F64E}.Debug|Any CPU.ActiveCfg = Debug|Any CPU
		{D8F572D2-44F6-4985-85E4-63A249E7F64E}.Debug|Any CPU.Build.0 = Debug|Any CPU
		{D8F572D2-44F6-4985-85E4-63A249E7F64E}.Release|Any CPU.ActiveCfg = Release|Any CPU
		{D8F572D2-44F6-4985-85E4-63A249E7F64E}.Release|Any CPU.Build.0 = Release|Any CPU
		{2F330149-C352-4E13-B234-9A155412AEE9}.Debug|Any CPU.ActiveCfg = Debug|Any CPU
		{2F330149-C352-4E13-B234-9A155412AEE9}.Debug|Any CPU.Build.0 = Debug|Any CPU
		{2F330149-C352-4E13-B234-9A155412AEE9}.Release|Any CPU.ActiveCfg = Release|Any CPU
		{2F330149-C352-4E13-B234-9A155412AEE9}.Release|Any CPU.Build.0 = Release|Any CPU
		{BC77A162-A641-4945-B960-462D70BB297C}.Debug|Any CPU.ActiveCfg = Debug|Any CPU
		{BC77A162-A641-4945-B960-462D70BB297C}.Debug|Any CPU.Build.0 = Debug|Any CPU
		{BC77A162-A641-4945-B960-462D70BB297C}.Release|Any CPU.ActiveCfg = Release|Any CPU
		{BC77A162-A641-4945-B960-462D70BB297C}.Release|Any CPU.Build.0 = Release|Any CPU
		{13514962-9022-4F4A-AD9E-CE25EA9B8BF0}.Debug|Any CPU.ActiveCfg = Debug|Any CPU
		{13514962-9022-4F4A-AD9E-CE25EA9B8BF0}.Debug|Any CPU.Build.0 = Debug|Any CPU
		{13514962-9022-4F4A-AD9E-CE25EA9B8BF0}.Release|Any CPU.ActiveCfg = Release|Any CPU
		{13514962-9022-4F4A-AD9E-CE25EA9B8BF0}.Release|Any CPU.Build.0 = Release|Any CPU
		{A79DC33C-244B-4E3F-8E02-F5063ED94BD8}.Debug|Any CPU.ActiveCfg = Debug|Any CPU
		{A79DC33C-244B-4E3F-8E02-F5063ED94BD8}.Debug|Any CPU.Build.0 = Debug|Any CPU
		{A79DC33C-244B-4E3F-8E02-F5063ED94BD8}.Release|Any CPU.ActiveCfg = Release|Any CPU
		{A79DC33C-244B-4E3F-8E02-F5063ED94BD8}.Release|Any CPU.Build.0 = Release|Any CPU
		{0288A4DC-80E8-44E4-A5A7-7DCC0B8BE1E5}.Debug|Any CPU.ActiveCfg = Debug|Any CPU
		{0288A4DC-80E8-44E4-A5A7-7DCC0B8BE1E5}.Debug|Any CPU.Build.0 = Debug|Any CPU
		{0288A4DC-80E8-44E4-A5A7-7DCC0B8BE1E5}.Release|Any CPU.ActiveCfg = Release|Any CPU
		{0288A4DC-80E8-44E4-A5A7-7DCC0B8BE1E5}.Release|Any CPU.Build.0 = Release|Any CPU
		{15316C7B-42C9-4C68-AED4-B6E4AD3B65B8}.Debug|Any CPU.ActiveCfg = Debug|Any CPU
		{15316C7B-42C9-4C68-AED4-B6E4AD3B65B8}.Debug|Any CPU.Build.0 = Debug|Any CPU
		{15316C7B-42C9-4C68-AED4-B6E4AD3B65B8}.Release|Any CPU.ActiveCfg = Release|Any CPU
		{15316C7B-42C9-4C68-AED4-B6E4AD3B65B8}.Release|Any CPU.Build.0 = Release|Any CPU
		{33C09913-A452-46C3-9976-AB31E8A0ED86}.Debug|Any CPU.ActiveCfg = Debug|Any CPU
		{33C09913-A452-46C3-9976-AB31E8A0ED86}.Debug|Any CPU.Build.0 = Debug|Any CPU
		{33C09913-A452-46C3-9976-AB31E8A0ED86}.Release|Any CPU.ActiveCfg = Release|Any CPU
		{33C09913-A452-46C3-9976-AB31E8A0ED86}.Release|Any CPU.Build.0 = Release|Any CPU
		{969CF986-69ED-4CF4-9677-2A164EC2BD28}.Debug|Any CPU.ActiveCfg = Debug|Any CPU
		{969CF986-69ED-4CF4-9677-2A164EC2BD28}.Debug|Any CPU.Build.0 = Debug|Any CPU
		{969CF986-69ED-4CF4-9677-2A164EC2BD28}.Release|Any CPU.ActiveCfg = Release|Any CPU
		{969CF986-69ED-4CF4-9677-2A164EC2BD28}.Release|Any CPU.Build.0 = Release|Any CPU
		{F1741724-CFA4-4731-9BB4-4FF4C93B39D8}.Debug|Any CPU.ActiveCfg = Debug|Any CPU
		{F1741724-CFA4-4731-9BB4-4FF4C93B39D8}.Debug|Any CPU.Build.0 = Debug|Any CPU
		{F1741724-CFA4-4731-9BB4-4FF4C93B39D8}.Release|Any CPU.ActiveCfg = Release|Any CPU
		{F1741724-CFA4-4731-9BB4-4FF4C93B39D8}.Release|Any CPU.Build.0 = Release|Any CPU
		{970FCF37-8BC6-4C01-A706-4D0EBCCC81DF}.Debug|Any CPU.ActiveCfg = Debug|Any CPU
		{970FCF37-8BC6-4C01-A706-4D0EBCCC81DF}.Debug|Any CPU.Build.0 = Debug|Any CPU
		{970FCF37-8BC6-4C01-A706-4D0EBCCC81DF}.Release|Any CPU.ActiveCfg = Release|Any CPU
		{970FCF37-8BC6-4C01-A706-4D0EBCCC81DF}.Release|Any CPU.Build.0 = Release|Any CPU
		{AC2816E7-8922-4D64-8DFD-34645C271D63}.Debug|Any CPU.ActiveCfg = Debug|Any CPU
		{AC2816E7-8922-4D64-8DFD-34645C271D63}.Debug|Any CPU.Build.0 = Debug|Any CPU
		{AC2816E7-8922-4D64-8DFD-34645C271D63}.Release|Any CPU.ActiveCfg = Release|Any CPU
		{AC2816E7-8922-4D64-8DFD-34645C271D63}.Release|Any CPU.Build.0 = Release|Any CPU
		{97DDBC14-373A-43A6-A624-B16AE258CE67}.Debug|Any CPU.ActiveCfg = Debug|Any CPU
		{97DDBC14-373A-43A6-A624-B16AE258CE67}.Debug|Any CPU.Build.0 = Debug|Any CPU
		{97DDBC14-373A-43A6-A624-B16AE258CE67}.Release|Any CPU.ActiveCfg = Release|Any CPU
		{97DDBC14-373A-43A6-A624-B16AE258CE67}.Release|Any CPU.Build.0 = Release|Any CPU
		{BD0DB023-57D0-4B9A-9B45-0ADE63351A03}.Debug|Any CPU.ActiveCfg = Debug|Any CPU
		{BD0DB023-57D0-4B9A-9B45-0ADE63351A03}.Debug|Any CPU.Build.0 = Debug|Any CPU
		{BD0DB023-57D0-4B9A-9B45-0ADE63351A03}.Release|Any CPU.ActiveCfg = Release|Any CPU
		{BD0DB023-57D0-4B9A-9B45-0ADE63351A03}.Release|Any CPU.Build.0 = Release|Any CPU
	EndGlobalSection
EndGlobal
