
Microsoft Visual Studio Solution File, Format Version 12.00
# Visual Studio 15
Project("{FAE04EC0-301F-11D3-BF4B-00C04F79EFBC}") = "s1dz1var1", "s1dz1var1.csproj", "{B16C77A4-DF28-49A9-8323-3974CB878DE6}"
EndProject
Global
	GlobalSection(SolutionConfigurationPlatforms) = preSolution
		Debug|x86 = Debug|x86
		Release|x86 = Release|x86
	EndGlobalSection
	GlobalSection(ProjectConfigurationPlatforms) = postSolution
		{B16C77A4-DF28-49A9-8323-3974CB878DE6}.Debug|x86.ActiveCfg = Debug|x86
		{B16C77A4-DF28-49A9-8323-3974CB878DE6}.Debug|x86.Build.0 = Debug|x86
		{B16C77A4-DF28-49A9-8323-3974CB878DE6}.Release|x86.ActiveCfg = Release|x86
		{B16C77A4-DF28-49A9-8323-3974CB878DE6}.Release|x86.Build.0 = Release|x86
	EndGlobalSection
EndGlobal
